// !$*UTF8*$!
{
	archiveVersion = 1;
	classes = {
	};
	objectVersion = 56;
	objects = {

/* Begin PBXBuildFile section */
		0176517029915FD200DFE713 /* SKNode.swift in Sources */ = {isa = PBXBuildFile; fileRef = 0176516F29915FD200DFE713 /* SKNode.swift */; };
		01765172299161C400DFE713 /* SKColor.swift in Sources */ = {isa = PBXBuildFile; fileRef = 01765171299161C400DFE713 /* SKColor.swift */; };
		01765176299162FB00DFE713 /* CircleNode.swift in Sources */ = {isa = PBXBuildFile; fileRef = 01765175299162FB00DFE713 /* CircleNode.swift */; };
		017651782991646100DFE713 /* XNode.swift in Sources */ = {isa = PBXBuildFile; fileRef = 017651772991646100DFE713 /* XNode.swift */; };
		0176517A29916C5100DFE713 /* BoardNode.swift in Sources */ = {isa = PBXBuildFile; fileRef = 0176517929916C5100DFE713 /* BoardNode.swift */; };
		01DAACF2299076410050896D /* AppDelegate.swift in Sources */ = {isa = PBXBuildFile; fileRef = 01DAACF1299076410050896D /* AppDelegate.swift */; };
		01DAACF8299076410050896D /* GameScene.swift in Sources */ = {isa = PBXBuildFile; fileRef = 01DAACF7299076410050896D /* GameScene.swift */; };
		01DAACFA299076410050896D /* GameViewController.swift in Sources */ = {isa = PBXBuildFile; fileRef = 01DAACF9299076410050896D /* GameViewController.swift */; };
		01DAACFF299076440050896D /* Assets.xcassets in Resources */ = {isa = PBXBuildFile; fileRef = 01DAACFE299076440050896D /* Assets.xcassets */; };
		01DAAD02299076440050896D /* LaunchScreen.storyboard in Resources */ = {isa = PBXBuildFile; fileRef = 01DAAD00299076440050896D /* LaunchScreen.storyboard */; };
		01DAAD0C299076440050896D /* tictactoeTests.swift in Sources */ = {isa = PBXBuildFile; fileRef = 01DAAD0B299076440050896D /* tictactoeTests.swift */; };
		01DAAD16299076440050896D /* tictactoeUITests.swift in Sources */ = {isa = PBXBuildFile; fileRef = 01DAAD15299076440050896D /* tictactoeUITests.swift */; };
		01DAAD18299076440050896D /* tictactoeUITestsLaunchTests.swift in Sources */ = {isa = PBXBuildFile; fileRef = 01DAAD17299076440050896D /* tictactoeUITestsLaunchTests.swift */; };
/* End PBXBuildFile section */

/* Begin PBXContainerItemProxy section */
		01DAAD08299076440050896D /* PBXContainerItemProxy */ = {
			isa = PBXContainerItemProxy;
			containerPortal = 01DAACE6299076410050896D /* Project object */;
			proxyType = 1;
			remoteGlobalIDString = 01DAACED299076410050896D;
			remoteInfo = tictactoe;
		};
		01DAAD12299076440050896D /* PBXContainerItemProxy */ = {
			isa = PBXContainerItemProxy;
			containerPortal = 01DAACE6299076410050896D /* Project object */;
			proxyType = 1;
			remoteGlobalIDString = 01DAACED299076410050896D;
			remoteInfo = tictactoe;
		};
/* End PBXContainerItemProxy section */

/* Begin PBXFileReference section */
		0176516F29915FD200DFE713 /* SKNode.swift */ = {isa = PBXFileReference; lastKnownFileType = sourcecode.swift; path = SKNode.swift; sourceTree = "<group>"; };
		01765171299161C400DFE713 /* SKColor.swift */ = {isa = PBXFileReference; lastKnownFileType = sourcecode.swift; path = SKColor.swift; sourceTree = "<group>"; };
		01765175299162FB00DFE713 /* CircleNode.swift */ = {isa = PBXFileReference; lastKnownFileType = sourcecode.swift; path = CircleNode.swift; sourceTree = "<group>"; };
		017651772991646100DFE713 /* XNode.swift */ = {isa = PBXFileReference; lastKnownFileType = sourcecode.swift; path = XNode.swift; sourceTree = "<group>"; };
		0176517929916C5100DFE713 /* BoardNode.swift */ = {isa = PBXFileReference; lastKnownFileType = sourcecode.swift; path = BoardNode.swift; sourceTree = "<group>"; };
		01DAACEE299076410050896D /* tictactoe.app */ = {isa = PBXFileReference; explicitFileType = wrapper.application; includeInIndex = 0; path = tictactoe.app; sourceTree = BUILT_PRODUCTS_DIR; };
		01DAACF1299076410050896D /* AppDelegate.swift */ = {isa = PBXFileReference; lastKnownFileType = sourcecode.swift; path = AppDelegate.swift; sourceTree = "<group>"; };
		01DAACF7299076410050896D /* GameScene.swift */ = {isa = PBXFileReference; lastKnownFileType = sourcecode.swift; path = GameScene.swift; sourceTree = "<group>"; };
		01DAACF9299076410050896D /* GameViewController.swift */ = {isa = PBXFileReference; lastKnownFileType = sourcecode.swift; path = GameViewController.swift; sourceTree = "<group>"; };
		01DAACFE299076440050896D /* Assets.xcassets */ = {isa = PBXFileReference; lastKnownFileType = folder.assetcatalog; path = Assets.xcassets; sourceTree = "<group>"; };
		01DAAD01299076440050896D /* Base */ = {isa = PBXFileReference; lastKnownFileType = file.storyboard; name = Base; path = Base.lproj/LaunchScreen.storyboard; sourceTree = "<group>"; };
		01DAAD07299076440050896D /* tictactoeTests.xctest */ = {isa = PBXFileReference; explicitFileType = wrapper.cfbundle; includeInIndex = 0; path = tictactoeTests.xctest; sourceTree = BUILT_PRODUCTS_DIR; };
		01DAAD0B299076440050896D /* tictactoeTests.swift */ = {isa = PBXFileReference; lastKnownFileType = sourcecode.swift; path = tictactoeTests.swift; sourceTree = "<group>"; };
		01DAAD11299076440050896D /* tictactoeUITests.xctest */ = {isa = PBXFileReference; explicitFileType = wrapper.cfbundle; includeInIndex = 0; path = tictactoeUITests.xctest; sourceTree = BUILT_PRODUCTS_DIR; };
		01DAAD15299076440050896D /* tictactoeUITests.swift */ = {isa = PBXFileReference; lastKnownFileType = sourcecode.swift; path = tictactoeUITests.swift; sourceTree = "<group>"; };
		01DAAD17299076440050896D /* tictactoeUITestsLaunchTests.swift */ = {isa = PBXFileReference; lastKnownFileType = sourcecode.swift; path = tictactoeUITestsLaunchTests.swift; sourceTree = "<group>"; };
/* End PBXFileReference section */

/* Begin PBXFrameworksBuildPhase section */
		01DAACEB299076410050896D /* Frameworks */ = {
			isa = PBXFrameworksBuildPhase;
			buildActionMask = 2147483647;
			files = (
			);
			runOnlyForDeploymentPostprocessing = 0;
		};
		01DAAD04299076440050896D /* Frameworks */ = {
			isa = PBXFrameworksBuildPhase;
			buildActionMask = 2147483647;
			files = (
			);
			runOnlyForDeploymentPostprocessing = 0;
		};
		01DAAD0E299076440050896D /* Frameworks */ = {
			isa = PBXFrameworksBuildPhase;
			buildActionMask = 2147483647;
			files = (
			);
			runOnlyForDeploymentPostprocessing = 0;
		};
/* End PBXFrameworksBuildPhase section */

/* Begin PBXGroup section */
		0176516E29915FC800DFE713 /* Utils */ = {
			isa = PBXGroup;
			children = (
				0176516F29915FD200DFE713 /* SKNode.swift */,
				01765171299161C400DFE713 /* SKColor.swift */,
			);
			path = Utils;
			sourceTree = "<group>";
		};
		01765174299162F100DFE713 /* Nodes */ = {
			isa = PBXGroup;
			children = (
				01765175299162FB00DFE713 /* CircleNode.swift */,
				017651772991646100DFE713 /* XNode.swift */,
				0176517929916C5100DFE713 /* BoardNode.swift */,
			);
			path = Nodes;
			sourceTree = "<group>";
		};
		01DAACE5299076410050896D = {
			isa = PBXGroup;
			children = (
				01DAACF0299076410050896D /* tictactoe */,
				01DAAD0A299076440050896D /* tictactoeTests */,
				01DAAD14299076440050896D /* tictactoeUITests */,
				01DAACEF299076410050896D /* Products */,
			);
			sourceTree = "<group>";
		};
		01DAACEF299076410050896D /* Products */ = {
			isa = PBXGroup;
			children = (
				01DAACEE299076410050896D /* tictactoe.app */,
				01DAAD07299076440050896D /* tictactoeTests.xctest */,
				01DAAD11299076440050896D /* tictactoeUITests.xctest */,
			);
			name = Products;
			sourceTree = "<group>";
		};
		01DAACF0299076410050896D /* tictactoe */ = {
			isa = PBXGroup;
			children = (
				01DAACF1299076410050896D /* AppDelegate.swift */,
				01DAACF7299076410050896D /* GameScene.swift */,
				01DAACF9299076410050896D /* GameViewController.swift */,
				01765174299162F100DFE713 /* Nodes */,
				0176516E29915FC800DFE713 /* Utils */,
				01DAACFE299076440050896D /* Assets.xcassets */,
				01DAAD00299076440050896D /* LaunchScreen.storyboard */,
			);
			path = tictactoe;
			sourceTree = "<group>";
		};
		01DAAD0A299076440050896D /* tictactoeTests */ = {
			isa = PBXGroup;
			children = (
				01DAAD0B299076440050896D /* tictactoeTests.swift */,
			);
			path = tictactoeTests;
			sourceTree = "<group>";
		};
		01DAAD14299076440050896D /* tictactoeUITests */ = {
			isa = PBXGroup;
			children = (
				01DAAD15299076440050896D /* tictactoeUITests.swift */,
				01DAAD17299076440050896D /* tictactoeUITestsLaunchTests.swift */,
			);
			path = tictactoeUITests;
			sourceTree = "<group>";
		};
/* End PBXGroup section */

/* Begin PBXNativeTarget section */
		01DAACED299076410050896D /* tictactoe */ = {
			isa = PBXNativeTarget;
			buildConfigurationList = 01DAAD1B299076440050896D /* Build configuration list for PBXNativeTarget "tictactoe" */;
			buildPhases = (
				01DAACEA299076410050896D /* Sources */,
				01DAACEB299076410050896D /* Frameworks */,
				01DAACEC299076410050896D /* Resources */,
			);
			buildRules = (
			);
			dependencies = (
			);
			name = tictactoe;
			productName = tictactoe;
			productReference = 01DAACEE299076410050896D /* tictactoe.app */;
			productType = "com.apple.product-type.application";
		};
		01DAAD06299076440050896D /* tictactoeTests */ = {
			isa = PBXNativeTarget;
			buildConfigurationList = 01DAAD1E299076440050896D /* Build configuration list for PBXNativeTarget "tictactoeTests" */;
			buildPhases = (
				01DAAD03299076440050896D /* Sources */,
				01DAAD04299076440050896D /* Frameworks */,
				01DAAD05299076440050896D /* Resources */,
			);
			buildRules = (
			);
			dependencies = (
				01DAAD09299076440050896D /* PBXTargetDependency */,
			);
			name = tictactoeTests;
			productName = tictactoeTests;
			productReference = 01DAAD07299076440050896D /* tictactoeTests.xctest */;
			productType = "com.apple.product-type.bundle.unit-test";
		};
		01DAAD10299076440050896D /* tictactoeUITests */ = {
			isa = PBXNativeTarget;
			buildConfigurationList = 01DAAD21299076440050896D /* Build configuration list for PBXNativeTarget "tictactoeUITests" */;
			buildPhases = (
				01DAAD0D299076440050896D /* Sources */,
				01DAAD0E299076440050896D /* Frameworks */,
				01DAAD0F299076440050896D /* Resources */,
			);
			buildRules = (
			);
			dependencies = (
				01DAAD13299076440050896D /* PBXTargetDependency */,
			);
			name = tictactoeUITests;
			productName = tictactoeUITests;
			productReference = 01DAAD11299076440050896D /* tictactoeUITests.xctest */;
			productType = "com.apple.product-type.bundle.ui-testing";
		};
/* End PBXNativeTarget section */

/* Begin PBXProject section */
		01DAACE6299076410050896D /* Project object */ = {
			isa = PBXProject;
			attributes = {
				BuildIndependentTargetsInParallel = 1;
				LastSwiftUpdateCheck = 1400;
				LastUpgradeCheck = 1400;
				TargetAttributes = {
					01DAACED299076410050896D = {
						CreatedOnToolsVersion = 14.0;
					};
					01DAAD06299076440050896D = {
						CreatedOnToolsVersion = 14.0;
						TestTargetID = 01DAACED299076410050896D;
					};
					01DAAD10299076440050896D = {
						CreatedOnToolsVersion = 14.0;
						TestTargetID = 01DAACED299076410050896D;
					};
				};
			};
			buildConfigurationList = 01DAACE9299076410050896D /* Build configuration list for PBXProject "tictactoe" */;
			compatibilityVersion = "Xcode 14.0";
			developmentRegion = en;
			hasScannedForEncodings = 0;
			knownRegions = (
				en,
				Base,
			);
			mainGroup = 01DAACE5299076410050896D;
			productRefGroup = 01DAACEF299076410050896D /* Products */;
			projectDirPath = "";
			projectRoot = "";
			targets = (
				01DAACED299076410050896D /* tictactoe */,
				01DAAD06299076440050896D /* tictactoeTests */,
				01DAAD10299076440050896D /* tictactoeUITests */,
			);
		};
/* End PBXProject section */

/* Begin PBXResourcesBuildPhase section */
		01DAACEC299076410050896D /* Resources */ = {
			isa = PBXResourcesBuildPhase;
			buildActionMask = 2147483647;
			files = (
				01DAACFF299076440050896D /* Assets.xcassets in Resources */,
				01DAAD02299076440050896D /* LaunchScreen.storyboard in Resources */,
			);
			runOnlyForDeploymentPostprocessing = 0;
		};
		01DAAD05299076440050896D /* Resources */ = {
			isa = PBXResourcesBuildPhase;
			buildActionMask = 2147483647;
			files = (
			);
			runOnlyForDeploymentPostprocessing = 0;
		};
		01DAAD0F299076440050896D /* Resources */ = {
			isa = PBXResourcesBuildPhase;
			buildActionMask = 2147483647;
			files = (
			);
			runOnlyForDeploymentPostprocessing = 0;
		};
/* End PBXResourcesBuildPhase section */

/* Begin PBXSourcesBuildPhase section */
		01DAACEA299076410050896D /* Sources */ = {
			isa = PBXSourcesBuildPhase;
			buildActionMask = 2147483647;
			files = (
				0176517A29916C5100DFE713 /* BoardNode.swift in Sources */,
				01DAACF8299076410050896D /* GameScene.swift in Sources */,
				017651782991646100DFE713 /* XNode.swift in Sources */,
				01DAACFA299076410050896D /* GameViewController.swift in Sources */,
				01765172299161C400DFE713 /* SKColor.swift in Sources */,
				01765176299162FB00DFE713 /* CircleNode.swift in Sources */,
				01DAACF2299076410050896D /* AppDelegate.swift in Sources */,
				0176517029915FD200DFE713 /* SKNode.swift in Sources */,
			);
			runOnlyForDeploymentPostprocessing = 0;
		};
		01DAAD03299076440050896D /* Sources */ = {
			isa = PBXSourcesBuildPhase;
			buildActionMask = 2147483647;
			files = (
				01DAAD0C299076440050896D /* tictactoeTests.swift in Sources */,
			);
			runOnlyForDeploymentPostprocessing = 0;
		};
		01DAAD0D299076440050896D /* Sources */ = {
			isa = PBXSourcesBuildPhase;
			buildActionMask = 2147483647;
			files = (
				01DAAD16299076440050896D /* tictactoeUITests.swift in Sources */,
				01DAAD18299076440050896D /* tictactoeUITestsLaunchTests.swift in Sources */,
			);
			runOnlyForDeploymentPostprocessing = 0;
		};
/* End PBXSourcesBuildPhase section */

/* Begin PBXTargetDependency section */
		01DAAD09299076440050896D /* PBXTargetDependency */ = {
			isa = PBXTargetDependency;
			target = 01DAACED299076410050896D /* tictactoe */;
			targetProxy = 01DAAD08299076440050896D /* PBXContainerItemProxy */;
		};
		01DAAD13299076440050896D /* PBXTargetDependency */ = {
			isa = PBXTargetDependency;
			target = 01DAACED299076410050896D /* tictactoe */;
			targetProxy = 01DAAD12299076440050896D /* PBXContainerItemProxy */;
		};
/* End PBXTargetDependency section */

/* Begin PBXVariantGroup section */
		01DAAD00299076440050896D /* LaunchScreen.storyboard */ = {
			isa = PBXVariantGroup;
			children = (
				01DAAD01299076440050896D /* Base */,
			);
			name = LaunchScreen.storyboard;
			sourceTree = "<group>";
		};
/* End PBXVariantGroup section */

/* Begin XCBuildConfiguration section */
		01DAAD19299076440050896D /* Debug */ = {
			isa = XCBuildConfiguration;
			buildSettings = {
				ALWAYS_SEARCH_USER_PATHS = NO;
				CLANG_ANALYZER_NONNULL = YES;
				CLANG_ANALYZER_NUMBER_OBJECT_CONVERSION = YES_AGGRESSIVE;
				CLANG_CXX_LANGUAGE_STANDARD = "gnu++20";
				CLANG_ENABLE_MODULES = YES;
				CLANG_ENABLE_OBJC_ARC = YES;
				CLANG_ENABLE_OBJC_WEAK = YES;
				CLANG_WARN_BLOCK_CAPTURE_AUTORELEASING = YES;
				CLANG_WARN_BOOL_CONVERSION = YES;
				CLANG_WARN_COMMA = YES;
				CLANG_WARN_CONSTANT_CONVERSION = YES;
				CLANG_WARN_DEPRECATED_OBJC_IMPLEMENTATIONS = YES;
				CLANG_WARN_DIRECT_OBJC_ISA_USAGE = YES_ERROR;
				CLANG_WARN_DOCUMENTATION_COMMENTS = YES;
				CLANG_WARN_EMPTY_BODY = YES;
				CLANG_WARN_ENUM_CONVERSION = YES;
				CLANG_WARN_INFINITE_RECURSION = YES;
				CLANG_WARN_INT_CONVERSION = YES;
				CLANG_WARN_NON_LITERAL_NULL_CONVERSION = YES;
				CLANG_WARN_OBJC_IMPLICIT_RETAIN_SELF = YES;
				CLANG_WARN_OBJC_LITERAL_CONVERSION = YES;
				CLANG_WARN_OBJC_ROOT_CLASS = YES_ERROR;
				CLANG_WARN_QUOTED_INCLUDE_IN_FRAMEWORK_HEADER = YES;
				CLANG_WARN_RANGE_LOOP_ANALYSIS = YES;
				CLANG_WARN_STRICT_PROTOTYPES = YES;
				CLANG_WARN_SUSPICIOUS_MOVE = YES;
				CLANG_WARN_UNGUARDED_AVAILABILITY = YES_AGGRESSIVE;
				CLANG_WARN_UNREACHABLE_CODE = YES;
				CLANG_WARN__DUPLICATE_METHOD_MATCH = YES;
				COPY_PHASE_STRIP = NO;
				DEBUG_INFORMATION_FORMAT = dwarf;
				ENABLE_STRICT_OBJC_MSGSEND = YES;
				ENABLE_TESTABILITY = YES;
				GCC_C_LANGUAGE_STANDARD = gnu11;
				GCC_DYNAMIC_NO_PIC = NO;
				GCC_NO_COMMON_BLOCKS = YES;
				GCC_OPTIMIZATION_LEVEL = 0;
				GCC_PREPROCESSOR_DEFINITIONS = (
					"DEBUG=1",
					"$(inherited)",
				);
				GCC_WARN_64_TO_32_BIT_CONVERSION = YES;
				GCC_WARN_ABOUT_RETURN_TYPE = YES_ERROR;
				GCC_WARN_UNDECLARED_SELECTOR = YES;
				GCC_WARN_UNINITIALIZED_AUTOS = YES_AGGRESSIVE;
				GCC_WARN_UNUSED_FUNCTION = YES;
				GCC_WARN_UNUSED_VARIABLE = YES;
				IPHONEOS_DEPLOYMENT_TARGET = 16.0;
				MTL_ENABLE_DEBUG_INFO = INCLUDE_SOURCE;
				MTL_FAST_MATH = YES;
				ONLY_ACTIVE_ARCH = YES;
				SDKROOT = iphoneos;
				SWIFT_ACTIVE_COMPILATION_CONDITIONS = DEBUG;
				SWIFT_OPTIMIZATION_LEVEL = "-Onone";
			};
			name = Debug;
		};
		01DAAD1A299076440050896D /* Release */ = {
			isa = XCBuildConfiguration;
			buildSettings = {
				ALWAYS_SEARCH_USER_PATHS = NO;
				CLANG_ANALYZER_NONNULL = YES;
				CLANG_ANALYZER_NUMBER_OBJECT_CONVERSION = YES_AGGRESSIVE;
				CLANG_CXX_LANGUAGE_STANDARD = "gnu++20";
				CLANG_ENABLE_MODULES = YES;
				CLANG_ENABLE_OBJC_ARC = YES;
				CLANG_ENABLE_OBJC_WEAK = YES;
				CLANG_WARN_BLOCK_CAPTURE_AUTORELEASING = YES;
				CLANG_WARN_BOOL_CONVERSION = YES;
				CLANG_WARN_COMMA = YES;
				CLANG_WARN_CONSTANT_CONVERSION = YES;
				CLANG_WARN_DEPRECATED_OBJC_IMPLEMENTATIONS = YES;
				CLANG_WARN_DIRECT_OBJC_ISA_USAGE = YES_ERROR;
				CLANG_WARN_DOCUMENTATION_COMMENTS = YES;
				CLANG_WARN_EMPTY_BODY = YES;
				CLANG_WARN_ENUM_CONVERSION = YES;
				CLANG_WARN_INFINITE_RECURSION = YES;
				CLANG_WARN_INT_CONVERSION = YES;
				CLANG_WARN_NON_LITERAL_NULL_CONVERSION = YES;
				CLANG_WARN_OBJC_IMPLICIT_RETAIN_SELF = YES;
				CLANG_WARN_OBJC_LITERAL_CONVERSION = YES;
				CLANG_WARN_OBJC_ROOT_CLASS = YES_ERROR;
				CLANG_WARN_QUOTED_INCLUDE_IN_FRAMEWORK_HEADER = YES;
				CLANG_WARN_RANGE_LOOP_ANALYSIS = YES;
				CLANG_WARN_STRICT_PROTOTYPES = YES;
				CLANG_WARN_SUSPICIOUS_MOVE = YES;
				CLANG_WARN_UNGUARDED_AVAILABILITY = YES_AGGRESSIVE;
				CLANG_WARN_UNREACHABLE_CODE = YES;
				CLANG_WARN__DUPLICATE_METHOD_MATCH = YES;
				COPY_PHASE_STRIP = NO;
				DEBUG_INFORMATION_FORMAT = "dwarf-with-dsym";
				ENABLE_NS_ASSERTIONS = NO;
				ENABLE_STRICT_OBJC_MSGSEND = YES;
				GCC_C_LANGUAGE_STANDARD = gnu11;
				GCC_NO_COMMON_BLOCKS = YES;
				GCC_WARN_64_TO_32_BIT_CONVERSION = YES;
				GCC_WARN_ABOUT_RETURN_TYPE = YES_ERROR;
				GCC_WARN_UNDECLARED_SELECTOR = YES;
				GCC_WARN_UNINITIALIZED_AUTOS = YES_AGGRESSIVE;
				GCC_WARN_UNUSED_FUNCTION = YES;
				GCC_WARN_UNUSED_VARIABLE = YES;
				IPHONEOS_DEPLOYMENT_TARGET = 16.0;
				MTL_ENABLE_DEBUG_INFO = NO;
				MTL_FAST_MATH = YES;
				SDKROOT = iphoneos;
				SWIFT_COMPILATION_MODE = wholemodule;
				SWIFT_OPTIMIZATION_LEVEL = "-O";
				VALIDATE_PRODUCT = YES;
			};
			name = Release;
		};
		01DAAD1C299076440050896D /* Debug */ = {
			isa = XCBuildConfiguration;
			buildSettings = {
				ASSETCATALOG_COMPILER_APPICON_NAME = AppIcon;
				ASSETCATALOG_COMPILER_GLOBAL_ACCENT_COLOR_NAME = AccentColor;
				CODE_SIGN_STYLE = Automatic;
				CURRENT_PROJECT_VERSION = 1;
				DEVELOPMENT_TEAM = PM79C3BXFD;
				GENERATE_INFOPLIST_FILE = YES;
				INFOPLIST_KEY_UIApplicationSupportsIndirectInputEvents = YES;
				INFOPLIST_KEY_UILaunchStoryboardName = LaunchScreen;
				INFOPLIST_KEY_UIStatusBarHidden = YES;
				INFOPLIST_KEY_UISupportedInterfaceOrientations_iPad = "UIInterfaceOrientationPortrait UIInterfaceOrientationPortraitUpsideDown UIInterfaceOrientationLandscapeLeft UIInterfaceOrientationLandscapeRight";
				INFOPLIST_KEY_UISupportedInterfaceOrientations_iPhone = "UIInterfaceOrientationPortrait UIInterfaceOrientationLandscapeLeft UIInterfaceOrientationLandscapeRight";
				LD_RUNPATH_SEARCH_PATHS = (
					"$(inherited)",
					"@executable_path/Frameworks",
				);
				MARKETING_VERSION = 1.0;
				PRODUCT_BUNDLE_IDENTIFIER = com.shyamkumar.tictactoe;
				PRODUCT_NAME = "$(TARGET_NAME)";
				SWIFT_EMIT_LOC_STRINGS = YES;
				SWIFT_VERSION = 5.0;
				TARGETED_DEVICE_FAMILY = "1,2";
			};
			name = Debug;
		};
		01DAAD1D299076440050896D /* Release */ = {
			isa = XCBuildConfiguration;
			buildSettings = {
				ASSETCATALOG_COMPILER_APPICON_NAME = AppIcon;
				ASSETCATALOG_COMPILER_GLOBAL_ACCENT_COLOR_NAME = AccentColor;
				CODE_SIGN_STYLE = Automatic;
				CURRENT_PROJECT_VERSION = 1;
				DEVELOPMENT_TEAM = PM79C3BXFD;
				GENERATE_INFOPLIST_FILE = YES;
				INFOPLIST_KEY_UIApplicationSupportsIndirectInputEvents = YES;
				INFOPLIST_KEY_UILaunchStoryboardName = LaunchScreen;
				INFOPLIST_KEY_UIStatusBarHidden = YES;
				INFOPLIST_KEY_UISupportedInterfaceOrientations_iPad = "UIInterfaceOrientationPortrait UIInterfaceOrientationPortraitUpsideDown UIInterfaceOrientationLandscapeLeft UIInterfaceOrientationLandscapeRight";
				INFOPLIST_KEY_UISupportedInterfaceOrientations_iPhone = "UIInterfaceOrientationPortrait UIInterfaceOrientationLandscapeLeft UIInterfaceOrientationLandscapeRight";
				LD_RUNPATH_SEARCH_PATHS = (
					"$(inherited)",
					"@executable_path/Frameworks",
				);
				MARKETING_VERSION = 1.0;
				PRODUCT_BUNDLE_IDENTIFIER = com.shyamkumar.tictactoe;
				PRODUCT_NAME = "$(TARGET_NAME)";
				SWIFT_EMIT_LOC_STRINGS = YES;
				SWIFT_VERSION = 5.0;
				TARGETED_DEVICE_FAMILY = "1,2";
			};
			name = Release;
		};
		01DAAD1F299076440050896D /* Debug */ = {
			isa = XCBuildConfiguration;
			buildSettings = {
				ALWAYS_EMBED_SWIFT_STANDARD_LIBRARIES = YES;
				BUNDLE_LOADER = "$(TEST_HOST)";
				CODE_SIGN_STYLE = Automatic;
				CURRENT_PROJECT_VERSION = 1;
				DEVELOPMENT_TEAM = PM79C3BXFD;
				GENERATE_INFOPLIST_FILE = YES;
				IPHONEOS_DEPLOYMENT_TARGET = 16.0;
				MARKETING_VERSION = 1.0;
				PRODUCT_BUNDLE_IDENTIFIER = com.shyamkumar.tictactoeTests;
				PRODUCT_NAME = "$(TARGET_NAME)";
				SWIFT_EMIT_LOC_STRINGS = NO;
				SWIFT_VERSION = 5.0;
				TARGETED_DEVICE_FAMILY = "1,2";
				TEST_HOST = "$(BUILT_PRODUCTS_DIR)/tictactoe.app/$(BUNDLE_EXECUTABLE_FOLDER_PATH)/tictactoe";
			};
			name = Debug;
		};
		01DAAD20299076440050896D /* Release */ = {
			isa = XCBuildConfiguration;
			buildSettings = {
				ALWAYS_EMBED_SWIFT_STANDARD_LIBRARIES = YES;
				BUNDLE_LOADER = "$(TEST_HOST)";
				CODE_SIGN_STYLE = Automatic;
				CURRENT_PROJECT_VERSION = 1;
				DEVELOPMENT_TEAM = PM79C3BXFD;
				GENERATE_INFOPLIST_FILE = YES;
				IPHONEOS_DEPLOYMENT_TARGET = 16.0;
				MARKETING_VERSION = 1.0;
				PRODUCT_BUNDLE_IDENTIFIER = com.shyamkumar.tictactoeTests;
				PRODUCT_NAME = "$(TARGET_NAME)";
				SWIFT_EMIT_LOC_STRINGS = NO;
				SWIFT_VERSION = 5.0;
				TARGETED_DEVICE_FAMILY = "1,2";
				TEST_HOST = "$(BUILT_PRODUCTS_DIR)/tictactoe.app/$(BUNDLE_EXECUTABLE_FOLDER_PATH)/tictactoe";
			};
			name = Release;
		};
		01DAAD22299076440050896D /* Debug */ = {
			isa = XCBuildConfiguration;
			buildSettings = {
				ALWAYS_EMBED_SWIFT_STANDARD_LIBRARIES = YES;
				CODE_SIGN_STYLE = Automatic;
				CURRENT_PROJECT_VERSION = 1;
				DEVELOPMENT_TEAM = PM79C3BXFD;
				GENERATE_INFOPLIST_FILE = YES;
				MARKETING_VERSION = 1.0;
				PRODUCT_BUNDLE_IDENTIFIER = com.shyamkumar.tictactoeUITests;
				PRODUCT_NAME = "$(TARGET_NAME)";
				SWIFT_EMIT_LOC_STRINGS = NO;
				SWIFT_VERSION = 5.0;
				TARGETED_DEVICE_FAMILY = "1,2";
				TEST_TARGET_NAME = tictactoe;
			};
			name = Debug;
		};
		01DAAD23299076440050896D /* Release */ = {
			isa = XCBuildConfiguration;
			buildSettings = {
				ALWAYS_EMBED_SWIFT_STANDARD_LIBRARIES = YES;
				CODE_SIGN_STYLE = Automatic;
				CURRENT_PROJECT_VERSION = 1;
				DEVELOPMENT_TEAM = PM79C3BXFD;
				GENERATE_INFOPLIST_FILE = YES;
				MARKETING_VERSION = 1.0;
				PRODUCT_BUNDLE_IDENTIFIER = com.shyamkumar.tictactoeUITests;
				PRODUCT_NAME = "$(TARGET_NAME)";
				SWIFT_EMIT_LOC_STRINGS = NO;
				SWIFT_VERSION = 5.0;
				TARGETED_DEVICE_FAMILY = "1,2";
				TEST_TARGET_NAME = tictactoe;
			};
			name = Release;
		};
/* End XCBuildConfiguration section */

/* Begin XCConfigurationList section */
		01DAACE9299076410050896D /* Build configuration list for PBXProject "tictactoe" */ = {
			isa = XCConfigurationList;
			buildConfigurations = (
				01DAAD19299076440050896D /* Debug */,
				01DAAD1A299076440050896D /* Release */,
			);
			defaultConfigurationIsVisible = 0;
			defaultConfigurationName = Release;
		};
		01DAAD1B299076440050896D /* Build configuration list for PBXNativeTarget "tictactoe" */ = {
			isa = XCConfigurationList;
			buildConfigurations = (
				01DAAD1C299076440050896D /* Debug */,
				01DAAD1D299076440050896D /* Release */,
			);
			defaultConfigurationIsVisible = 0;
			defaultConfigurationName = Release;
		};
		01DAAD1E299076440050896D /* Build configuration list for PBXNativeTarget "tictactoeTests" */ = {
			isa = XCConfigurationList;
			buildConfigurations = (
				01DAAD1F299076440050896D /* Debug */,
				01DAAD20299076440050896D /* Release */,
			);
			defaultConfigurationIsVisible = 0;
			defaultConfigurationName = Release;
		};
		01DAAD21299076440050896D /* Build configuration list for PBXNativeTarget "tictactoeUITests" */ = {
			isa = XCConfigurationList;
			buildConfigurations = (
				01DAAD22299076440050896D /* Debug */,
				01DAAD23299076440050896D /* Release */,
			);
			defaultConfigurationIsVisible = 0;
			defaultConfigurationName = Release;
		};
/* End XCConfigurationList section */
	};
	rootObject = 01DAACE6299076410050896D /* Project object */;
}
